{
  "requires": true,
  "lockfileVersion": 1,
  "dependencies": {
    "g": {
      "version": "2.0.1",
      "resolved": "https://registry.npmjs.org/g/-/g-2.0.1.tgz",
      "integrity": "sha1-C1lj69DKcOO8jGdmk0oCGCHIuFc="
    },
    "prettier": {
      "version": "1.15.2",
      "resolved": "https://registry.npmjs.org/prettier/-/prettier-1.15.2.tgz",
      "integrity": "sha512-YgPLFFA0CdKL4Eg2IHtUSjzj/BWgszDHiNQAe0VAIBse34148whfdzLagRL+QiKS+YfK5ftB6X4v/MBw8yCoug=="
    }
  }
}
